# This file is automatically @generated by Poetry 1.8.2 and should not be changed by hand.

[[package]]
name = "anyio"
version = "3.6.2"
description = "High level compatibility layer for multiple asynchronous event loop implementations"
optional = false
python-versions = ">=3.6.2"
files = [
    {file = "anyio-3.6.2-py3-none-any.whl", hash = "sha256:fbbe32bd270d2a2ef3ed1c5d45041250284e31fc0a4df4a5a6071842051a51e3"},
    {file = "anyio-3.6.2.tar.gz", hash = "sha256:25ea0d673ae30af41a0c442f81cf3b38c7e79fdc7b60335a4c14e05eb0947421"},
]

[package.dependencies]
idna = ">=2.8"
sniffio = ">=1.1"

[package.extras]
doc = ["packaging", "sphinx-autodoc-typehints (>=1.2.0)", "sphinx-rtd-theme"]
test = ["contextlib2", "coverage[toml] (>=4.5)", "hypothesis (>=4.0)", "mock (>=4)", "pytest (>=7.0)", "pytest-mock (>=3.6.1)", "trustme", "uvloop (<0.15)", "uvloop (>=0.15)"]
trio = ["trio (>=0.16,<0.22)"]

[[package]]
name = "black"
version = "24.4.2"
description = "The uncompromising code formatter."
optional = false
python-versions = ">=3.8"
files = [
    {file = "black-24.4.2-cp310-cp310-macosx_10_9_x86_64.whl", hash = "sha256:dd1b5a14e417189db4c7b64a6540f31730713d173f0b63e55fabd52d61d8fdce"},
    {file = "black-24.4.2-cp310-cp310-macosx_11_0_arm64.whl", hash = "sha256:8e537d281831ad0e71007dcdcbe50a71470b978c453fa41ce77186bbe0ed6021"},
    {file = "black-24.4.2-cp310-cp310-manylinux_2_17_x86_64.manylinux2014_x86_64.whl", hash = "sha256:eaea3008c281f1038edb473c1aa8ed8143a5535ff18f978a318f10302b254063"},
    {file = "black-24.4.2-cp310-cp310-win_amd64.whl", hash = "sha256:7768a0dbf16a39aa5e9a3ded568bb545c8c2727396d063bbaf847df05b08cd96"},
    {file = "black-24.4.2-cp311-cp311-macosx_10_9_x86_64.whl", hash = "sha256:257d724c2c9b1660f353b36c802ccece186a30accc7742c176d29c146df6e474"},
    {file = "black-24.4.2-cp311-cp311-macosx_11_0_arm64.whl", hash = "sha256:bdde6f877a18f24844e381d45e9947a49e97933573ac9d4345399be37621e26c"},
    {file = "black-24.4.2-cp311-cp311-manylinux_2_17_x86_64.manylinux2014_x86_64.whl", hash = "sha256:e151054aa00bad1f4e1f04919542885f89f5f7d086b8a59e5000e6c616896ffb"},
    {file = "black-24.4.2-cp311-cp311-win_amd64.whl", hash = "sha256:7e122b1c4fb252fd85df3ca93578732b4749d9be076593076ef4d07a0233c3e1"},
    {file = "black-24.4.2-cp312-cp312-macosx_10_9_x86_64.whl", hash = "sha256:accf49e151c8ed2c0cdc528691838afd217c50412534e876a19270fea1e28e2d"},
    {file = "black-24.4.2-cp312-cp312-macosx_11_0_arm64.whl", hash = "sha256:88c57dc656038f1ab9f92b3eb5335ee9b021412feaa46330d5eba4e51fe49b04"},
    {file = "black-24.4.2-cp312-cp312-manylinux_2_17_x86_64.manylinux2014_x86_64.whl", hash = "sha256:be8bef99eb46d5021bf053114442914baeb3649a89dc5f3a555c88737e5e98fc"},
    {file = "black-24.4.2-cp312-cp312-win_amd64.whl", hash = "sha256:415e686e87dbbe6f4cd5ef0fbf764af7b89f9057b97c908742b6008cc554b9c0"},
    {file = "black-24.4.2-cp38-cp38-macosx_10_9_x86_64.whl", hash = "sha256:bf10f7310db693bb62692609b397e8d67257c55f949abde4c67f9cc574492cc7"},
    {file = "black-24.4.2-cp38-cp38-macosx_11_0_arm64.whl", hash = "sha256:98e123f1d5cfd42f886624d84464f7756f60ff6eab89ae845210631714f6db94"},
    {file = "black-24.4.2-cp38-cp38-manylinux_2_17_x86_64.manylinux2014_x86_64.whl", hash = "sha256:48a85f2cb5e6799a9ef05347b476cce6c182d6c71ee36925a6c194d074336ef8"},
    {file = "black-24.4.2-cp38-cp38-win_amd64.whl", hash = "sha256:b1530ae42e9d6d5b670a34db49a94115a64596bc77710b1d05e9801e62ca0a7c"},
    {file = "black-24.4.2-cp39-cp39-macosx_10_9_x86_64.whl", hash = "sha256:37aae07b029fa0174d39daf02748b379399b909652a806e5708199bd93899da1"},
    {file = "black-24.4.2-cp39-cp39-macosx_11_0_arm64.whl", hash = "sha256:da33a1a5e49c4122ccdfd56cd021ff1ebc4a1ec4e2d01594fef9b6f267a9e741"},
    {file = "black-24.4.2-cp39-cp39-manylinux_2_17_x86_64.manylinux2014_x86_64.whl", hash = "sha256:ef703f83fc32e131e9bcc0a5094cfe85599e7109f896fe8bc96cc402f3eb4b6e"},
    {file = "black-24.4.2-cp39-cp39-win_amd64.whl", hash = "sha256:b9176b9832e84308818a99a561e90aa479e73c523b3f77afd07913380ae2eab7"},
    {file = "black-24.4.2-py3-none-any.whl", hash = "sha256:d36ed1124bb81b32f8614555b34cc4259c3fbc7eec17870e8ff8ded335b58d8c"},
    {file = "black-24.4.2.tar.gz", hash = "sha256:c872b53057f000085da66a19c55d68f6f8ddcac2642392ad3a355878406fbd4d"},
]

[package.dependencies]
click = ">=8.0.0"
mypy-extensions = ">=0.4.3"
packaging = ">=22.0"
pathspec = ">=0.9.0"
platformdirs = ">=2"
tomli = {version = ">=1.1.0", markers = "python_version < \"3.11\""}
typing-extensions = {version = ">=4.0.1", markers = "python_version < \"3.11\""}

[package.extras]
colorama = ["colorama (>=0.4.3)"]
d = ["aiohttp (>=3.7.4)", "aiohttp (>=3.7.4,!=3.9.0)"]
jupyter = ["ipython (>=7.8.0)", "tokenize-rt (>=3.2.0)"]
uvloop = ["uvloop (>=0.15.2)"]

[[package]]
name = "certifi"
version = "2022.12.7"
description = "Python package for providing Mozilla's CA Bundle."
optional = false
python-versions = ">=3.6"
files = [
    {file = "certifi-2022.12.7-py3-none-any.whl", hash = "sha256:4ad3232f5e926d6718ec31cfc1fcadfde020920e278684144551c91769c7bc18"},
    {file = "certifi-2022.12.7.tar.gz", hash = "sha256:35824b4c3a97115964b408844d64aa14db1cc518f6562e8d7261699d1350a9e3"},
]

[[package]]
name = "click"
version = "8.1.3"
description = "Composable command line interface toolkit"
optional = false
python-versions = ">=3.7"
files = [
    {file = "click-8.1.3-py3-none-any.whl", hash = "sha256:bb4d8133cb15a609f44e8213d9b391b0809795062913b383c62be0ee95b1db48"},
    {file = "click-8.1.3.tar.gz", hash = "sha256:7682dc8afb30297001674575ea00d1814d808d6a36af415a82bd481d37ba7b8e"},
]

[package.dependencies]
colorama = {version = "*", markers = "platform_system == \"Windows\""}

[[package]]
name = "colorama"
version = "0.4.6"
description = "Cross-platform colored terminal text."
optional = false
python-versions = "!=3.0.*,!=3.1.*,!=3.2.*,!=3.3.*,!=3.4.*,!=3.5.*,!=3.6.*,>=2.7"
files = [
    {file = "colorama-0.4.6-py2.py3-none-any.whl", hash = "sha256:4f1d9991f5acc0ca119f9d443620b77f9d6b33703e51011c16baf57afb285fc6"},
    {file = "colorama-0.4.6.tar.gz", hash = "sha256:08695f5cb7ed6e0531a20572697297273c47b8cae5a63ffc6d6ed5c201be6e44"},
]

[[package]]
name = "coverage"
version = "7.5.2"
description = "Code coverage measurement for Python"
optional = false
python-versions = ">=3.8"
files = [
    {file = "coverage-7.5.2-cp310-cp310-macosx_10_9_x86_64.whl", hash = "sha256:554c7327bf0fd688050348e22db7c8e163fb7219f3ecdd4732d7ed606b417263"},
    {file = "coverage-7.5.2-cp310-cp310-macosx_11_0_arm64.whl", hash = "sha256:d0305e02e40c7cfea5d08d6368576537a74c0eea62b77633179748d3519d6705"},
    {file = "coverage-7.5.2-cp310-cp310-manylinux_2_17_aarch64.manylinux2014_aarch64.whl", hash = "sha256:829fb55ad437d757c70d5b1c51cfda9377f31506a0a3f3ac282bc6a387d6a5f1"},
    {file = "coverage-7.5.2-cp310-cp310-manylinux_2_5_i686.manylinux1_i686.manylinux_2_17_i686.manylinux2014_i686.whl", hash = "sha256:894b1acded706f1407a662d08e026bfd0ff1e59e9bd32062fea9d862564cfb65"},
    {file = "coverage-7.5.2-cp310-cp310-manylinux_2_5_x86_64.manylinux1_x86_64.manylinux_2_17_x86_64.manylinux2014_x86_64.whl", hash = "sha256:fe76d6dee5e4febefa83998b17926df3a04e5089e3d2b1688c74a9157798d7a2"},
    {file = "coverage-7.5.2-cp310-cp310-musllinux_1_1_aarch64.whl", hash = "sha256:c7ebf2a37e4f5fea3c1a11e1f47cea7d75d0f2d8ef69635ddbd5c927083211fc"},
    {file = "coverage-7.5.2-cp310-cp310-musllinux_1_1_i686.whl", hash = "sha256:20e611fc36e1a0fc7bbf957ef9c635c8807d71fbe5643e51b2769b3cc0fb0b51"},
    {file = "coverage-7.5.2-cp310-cp310-musllinux_1_1_x86_64.whl", hash = "sha256:7c5c5b7ae2763533152880d5b5b451acbc1089ade2336b710a24b2b0f5239d20"},
    {file = "coverage-7.5.2-cp310-cp310-win32.whl", hash = "sha256:1e4225990a87df898e40ca31c9e830c15c2c53b1d33df592bc8ef314d71f0281"},
    {file = "coverage-7.5.2-cp310-cp310-win_amd64.whl", hash = "sha256:976cd92d9420e6e2aa6ce6a9d61f2b490e07cb468968adf371546b33b829284b"},
    {file = "coverage-7.5.2-cp311-cp311-macosx_10_9_x86_64.whl", hash = "sha256:5997d418c219dcd4dcba64e50671cca849aaf0dac3d7a2eeeb7d651a5bd735b8"},
    {file = "coverage-7.5.2-cp311-cp311-macosx_11_0_arm64.whl", hash = "sha256:ec27e93bbf5976f0465e8936f02eb5add99bbe4e4e7b233607e4d7622912d68d"},
    {file = "coverage-7.5.2-cp311-cp311-manylinux_2_17_aarch64.manylinux2014_aarch64.whl", hash = "sha256:1f11f98753800eb1ec872562a398081f6695f91cd01ce39819e36621003ec52a"},
    {file = "coverage-7.5.2-cp311-cp311-manylinux_2_5_i686.manylinux1_i686.manylinux_2_17_i686.manylinux2014_i686.whl", hash = "sha256:6e34680049eecb30b6498784c9637c1c74277dcb1db75649a152f8004fbd6646"},
    {file = "coverage-7.5.2-cp311-cp311-manylinux_2_5_x86_64.manylinux1_x86_64.manylinux_2_17_x86_64.manylinux2014_x86_64.whl", hash = "sha256:3e12536446ad4527ac8ed91d8a607813085683bcce27af69e3b31cd72b3c5960"},
    {file = "coverage-7.5.2-cp311-cp311-musllinux_1_1_aarch64.whl", hash = "sha256:3d3f7744b8a8079d69af69d512e5abed4fb473057625588ce126088e50d05493"},
    {file = "coverage-7.5.2-cp311-cp311-musllinux_1_1_i686.whl", hash = "sha256:431a3917e32223fcdb90b79fe60185864a9109631ebc05f6c5aa03781a00b513"},
    {file = "coverage-7.5.2-cp311-cp311-musllinux_1_1_x86_64.whl", hash = "sha256:a7c6574225f34ce45466f04751d957b5c5e6b69fca9351db017c9249786172ce"},
    {file = "coverage-7.5.2-cp311-cp311-win32.whl", hash = "sha256:2b144d142ec9987276aeff1326edbc0df8ba4afbd7232f0ca10ad57a115e95b6"},
    {file = "coverage-7.5.2-cp311-cp311-win_amd64.whl", hash = "sha256:900532713115ac58bc3491b9d2b52704a05ed408ba0918d57fd72c94bc47fba1"},
    {file = "coverage-7.5.2-cp312-cp312-macosx_10_9_x86_64.whl", hash = "sha256:9a42970ce74c88bdf144df11c52c5cf4ad610d860de87c0883385a1c9d9fa4ab"},
    {file = "coverage-7.5.2-cp312-cp312-macosx_11_0_arm64.whl", hash = "sha256:26716a1118c6ce2188283b4b60a898c3be29b480acbd0a91446ced4fe4e780d8"},
    {file = "coverage-7.5.2-cp312-cp312-manylinux_2_17_aarch64.manylinux2014_aarch64.whl", hash = "sha256:60b66b0363c5a2a79fba3d1cd7430c25bbd92c923d031cae906bdcb6e054d9a2"},
    {file = "coverage-7.5.2-cp312-cp312-manylinux_2_5_i686.manylinux1_i686.manylinux_2_17_i686.manylinux2014_i686.whl", hash = "sha256:e5d22eba19273b2069e4efeff88c897a26bdc64633cbe0357a198f92dca94268"},
    {file = "coverage-7.5.2-cp312-cp312-manylinux_2_5_x86_64.manylinux1_x86_64.manylinux_2_17_x86_64.manylinux2014_x86_64.whl", hash = "sha256:3bb5b92a0ab3d22dfdbfe845e2fef92717b067bdf41a5b68c7e3e857c0cff1a4"},
    {file = "coverage-7.5.2-cp312-cp312-musllinux_1_1_aarch64.whl", hash = "sha256:1aef719b6559b521ae913ddeb38f5048c6d1a3d366865e8b320270b7bc4693c2"},
    {file = "coverage-7.5.2-cp312-cp312-musllinux_1_1_i686.whl", hash = "sha256:8809c0ea0e8454f756e3bd5c36d04dddf222989216788a25bfd6724bfcee342c"},
    {file = "coverage-7.5.2-cp312-cp312-musllinux_1_1_x86_64.whl", hash = "sha256:1acc2e2ef098a1d4bf535758085f508097316d738101a97c3f996bccba963ea5"},
    {file = "coverage-7.5.2-cp312-cp312-win32.whl", hash = "sha256:97de509043d3f0f2b2cd171bdccf408f175c7f7a99d36d566b1ae4dd84107985"},
    {file = "coverage-7.5.2-cp312-cp312-win_amd64.whl", hash = "sha256:8941e35a0e991a7a20a1fa3e3182f82abe357211f2c335a9e6007067c3392fcf"},
    {file = "coverage-7.5.2-cp38-cp38-macosx_10_9_x86_64.whl", hash = "sha256:5662bf0f6fb6757f5c2d6279c541a5af55a39772c2362ed0920b27e3ce0e21f7"},
    {file = "coverage-7.5.2-cp38-cp38-macosx_11_0_arm64.whl", hash = "sha256:3d9c62cff2ffb4c2a95328488fd7aa96a7a4b34873150650fe76b19c08c9c792"},
    {file = "coverage-7.5.2-cp38-cp38-manylinux_2_17_aarch64.manylinux2014_aarch64.whl", hash = "sha256:74eeaa13e8200ad72fca9c5f37395fb310915cec6f1682b21375e84fd9770e84"},
    {file = "coverage-7.5.2-cp38-cp38-manylinux_2_5_i686.manylinux1_i686.manylinux_2_17_i686.manylinux2014_i686.whl", hash = "sha256:1f29bf497d51a5077994b265e976d78b09d9d0dff6ca5763dbb4804534a5d380"},
    {file = "coverage-7.5.2-cp38-cp38-manylinux_2_5_x86_64.manylinux1_x86_64.manylinux_2_17_x86_64.manylinux2014_x86_64.whl", hash = "sha256:1f96aa94739593ae0707eda9813ce363a0a0374a810ae0eced383340fc4a1f73"},
    {file = "coverage-7.5.2-cp38-cp38-musllinux_1_1_aarch64.whl", hash = "sha256:51b6cee539168a912b4b3b040e4042b9e2c9a7ad9c8546c09e4eaeff3eacba6b"},
    {file = "coverage-7.5.2-cp38-cp38-musllinux_1_1_i686.whl", hash = "sha256:59a75e6aa5c25b50b5a1499f9718f2edff54257f545718c4fb100f48d570ead4"},
    {file = "coverage-7.5.2-cp38-cp38-musllinux_1_1_x86_64.whl", hash = "sha256:29da75ce20cb0a26d60e22658dd3230713c6c05a3465dd8ad040ffc991aea318"},
    {file = "coverage-7.5.2-cp38-cp38-win32.whl", hash = "sha256:23f2f16958b16152b43a39a5ecf4705757ddd284b3b17a77da3a62aef9c057ef"},
    {file = "coverage-7.5.2-cp38-cp38-win_amd64.whl", hash = "sha256:9e41c94035e5cdb362beed681b58a707e8dc29ea446ea1713d92afeded9d1ddd"},
    {file = "coverage-7.5.2-cp39-cp39-macosx_10_9_x86_64.whl", hash = "sha256:06d96b9b19bbe7f049c2be3c4f9e06737ec6d8ef8933c7c3a4c557ef07936e46"},
    {file = "coverage-7.5.2-cp39-cp39-macosx_11_0_arm64.whl", hash = "sha256:878243e1206828908a6b4a9ca7b1aa8bee9eb129bf7186fc381d2646f4524ce9"},
    {file = "coverage-7.5.2-cp39-cp39-manylinux_2_17_aarch64.manylinux2014_aarch64.whl", hash = "sha256:482df956b055d3009d10fce81af6ffab28215d7ed6ad4a15e5c8e67cb7c5251c"},
    {file = "coverage-7.5.2-cp39-cp39-manylinux_2_5_i686.manylinux1_i686.manylinux_2_17_i686.manylinux2014_i686.whl", hash = "sha256:a35c97af60a5492e9e89f8b7153fe24eadfd61cb3a2fb600df1a25b5dab34b7e"},
    {file = "coverage-7.5.2-cp39-cp39-manylinux_2_5_x86_64.manylinux1_x86_64.manylinux_2_17_x86_64.manylinux2014_x86_64.whl", hash = "sha256:24bb4c7859a3f757a116521d4d3a8a82befad56ea1bdacd17d6aafd113b0071e"},
    {file = "coverage-7.5.2-cp39-cp39-musllinux_1_1_aarch64.whl", hash = "sha256:e1046aab24c48c694f0793f669ac49ea68acde6a0798ac5388abe0a5615b5ec8"},
    {file = "coverage-7.5.2-cp39-cp39-musllinux_1_1_i686.whl", hash = "sha256:448ec61ea9ea7916d5579939362509145caaecf03161f6f13e366aebb692a631"},
    {file = "coverage-7.5.2-cp39-cp39-musllinux_1_1_x86_64.whl", hash = "sha256:4a00bd5ba8f1a4114720bef283cf31583d6cb1c510ce890a6da6c4268f0070b7"},
    {file = "coverage-7.5.2-cp39-cp39-win32.whl", hash = "sha256:9f805481d5eff2a96bac4da1570ef662bf970f9a16580dc2c169c8c3183fa02b"},
    {file = "coverage-7.5.2-cp39-cp39-win_amd64.whl", hash = "sha256:2c79f058e7bec26b5295d53b8c39ecb623448c74ccc8378631f5cb5c16a7e02c"},
    {file = "coverage-7.5.2-pp38.pp39.pp310-none-any.whl", hash = "sha256:40dbb8e7727560fe8ab65efcddfec1ae25f30ef02e2f2e5d78cfb52a66781ec5"},
    {file = "coverage-7.5.2.tar.gz", hash = "sha256:13017a63b0e499c59b5ba94a8542fb62864ba3016127d1e4ef30d354fc2b00e9"},
]

[package.dependencies]
tomli = {version = "*", optional = true, markers = "python_full_version <= \"3.11.0a6\" and extra == \"toml\""}

[package.extras]
toml = ["tomli"]

[[package]]
name = "dacite"
version = "1.8.1"
description = "Simple creation of data classes from dictionaries."
optional = false
python-versions = ">=3.6"
files = [
    {file = "dacite-1.8.1-py3-none-any.whl", hash = "sha256:cc31ad6fdea1f49962ea42db9421772afe01ac5442380d9a99fcf3d188c61afe"},
]

[package.extras]
dev = ["black", "coveralls", "mypy", "pre-commit", "pylint", "pytest (>=5)", "pytest-benchmark", "pytest-cov"]

[[package]]
name = "exceptiongroup"
version = "1.1.1"
description = "Backport of PEP 654 (exception groups)"
optional = false
python-versions = ">=3.7"
files = [
    {file = "exceptiongroup-1.1.1-py3-none-any.whl", hash = "sha256:232c37c63e4f682982c8b6459f33a8981039e5fb8756b2074364e5055c498c9e"},
    {file = "exceptiongroup-1.1.1.tar.gz", hash = "sha256:d484c3090ba2889ae2928419117447a14daf3c1231d5e30d0aae34f354f01785"},
]

[package.extras]
test = ["pytest (>=6)"]

[[package]]
name = "flake8"
version = "7.0.0"
description = "the modular source code checker: pep8 pyflakes and co"
optional = false
python-versions = ">=3.8.1"
files = [
    {file = "flake8-7.0.0-py2.py3-none-any.whl", hash = "sha256:a6dfbb75e03252917f2473ea9653f7cd799c3064e54d4c8140044c5c065f53c3"},
    {file = "flake8-7.0.0.tar.gz", hash = "sha256:33f96621059e65eec474169085dc92bf26e7b2d47366b70be2f67ab80dc25132"},
]

[package.dependencies]
mccabe = ">=0.7.0,<0.8.0"
pycodestyle = ">=2.11.0,<2.12.0"
pyflakes = ">=3.2.0,<3.3.0"

[[package]]
name = "h11"
version = "0.14.0"
description = "A pure-Python, bring-your-own-I/O implementation of HTTP/1.1"
optional = false
python-versions = ">=3.7"
files = [
    {file = "h11-0.14.0-py3-none-any.whl", hash = "sha256:e3fe4ac4b851c468cc8363d500db52c2ead036020723024a109d37346efaa761"},
    {file = "h11-0.14.0.tar.gz", hash = "sha256:8f19fbbe99e72420ff35c00b27a34cb9937e902a8b810e2c88300c6f0a3b699d"},
]

[[package]]
name = "httpcore"
version = "1.0.2"
description = "A minimal low-level HTTP client."
optional = false
python-versions = ">=3.8"
files = [
    {file = "httpcore-1.0.2-py3-none-any.whl", hash = "sha256:096cc05bca73b8e459a1fc3dcf585148f63e534eae4339559c9b8a8d6399acc7"},
    {file = "httpcore-1.0.2.tar.gz", hash = "sha256:9fc092e4799b26174648e54b74ed5f683132a464e95643b226e00c2ed2fa6535"},
]

[package.dependencies]
certifi = "*"
h11 = ">=0.13,<0.15"

[package.extras]
asyncio = ["anyio (>=4.0,<5.0)"]
http2 = ["h2 (>=3,<5)"]
socks = ["socksio (==1.*)"]
trio = ["trio (>=0.22.0,<0.23.0)"]

[[package]]
name = "httpx"
version = "0.27.0"
description = "The next generation HTTP client."
optional = false
python-versions = ">=3.8"
files = [
    {file = "httpx-0.27.0-py3-none-any.whl", hash = "sha256:71d5465162c13681bff01ad59b2cc68dd838ea1f10e51574bac27103f00c91a5"},
    {file = "httpx-0.27.0.tar.gz", hash = "sha256:a0cb88a46f32dc874e04ee956e4c2764aba2aa228f650b06788ba6bda2962ab5"},
]

[package.dependencies]
anyio = "*"
certifi = "*"
httpcore = "==1.*"
idna = "*"
sniffio = "*"

[package.extras]
brotli = ["brotli", "brotlicffi"]
cli = ["click (==8.*)", "pygments (==2.*)", "rich (>=10,<14)"]
http2 = ["h2 (>=3,<5)"]
socks = ["socksio (==1.*)"]

[[package]]
name = "idna"
version = "3.4"
description = "Internationalized Domain Names in Applications (IDNA)"
optional = false
python-versions = ">=3.5"
files = [
    {file = "idna-3.4-py3-none-any.whl", hash = "sha256:90b77e79eaa3eba6de819a0c442c0b4ceefc341a7a2ab77d7562bf49f425c5c2"},
    {file = "idna-3.4.tar.gz", hash = "sha256:814f528e8dead7d329833b91c5faa87d60bf71824cd12a7530b5526063d02cb4"},
]

[[package]]
name = "iniconfig"
version = "2.0.0"
description = "brain-dead simple config-ini parsing"
optional = false
python-versions = ">=3.7"
files = [
    {file = "iniconfig-2.0.0-py3-none-any.whl", hash = "sha256:b6a85871a79d2e3b22d2d1b94ac2824226a63c6b741c88f7ae975f18b6778374"},
    {file = "iniconfig-2.0.0.tar.gz", hash = "sha256:2d91e135bf72d31a410b17c16da610a82cb55f6b0477d1a902134b24a455b8b3"},
]

[[package]]
name = "isort"
version = "5.13.2"
description = "A Python utility / library to sort Python imports."
optional = false
python-versions = ">=3.8.0"
files = [
    {file = "isort-5.13.2-py3-none-any.whl", hash = "sha256:8ca5e72a8d85860d5a3fa69b8745237f2939afe12dbf656afbcb47fe72d947a6"},
    {file = "isort-5.13.2.tar.gz", hash = "sha256:48fdfcb9face5d58a4f6dde2e72a1fb8dcaf8ab26f95ab49fab84c2ddefb0109"},
]

[package.extras]
colors = ["colorama (>=0.4.6)"]

[[package]]
name = "mccabe"
version = "0.7.0"
description = "McCabe checker, plugin for flake8"
optional = false
python-versions = ">=3.6"
files = [
    {file = "mccabe-0.7.0-py2.py3-none-any.whl", hash = "sha256:6c2d30ab6be0e4a46919781807b4f0d834ebdd6c6e3dca0bda5a15f863427b6e"},
    {file = "mccabe-0.7.0.tar.gz", hash = "sha256:348e0240c33b60bbdf4e523192ef919f28cb2c3d7d5c7794f74009290f236325"},
]

[[package]]
name = "mypy-extensions"
version = "1.0.0"
description = "Type system extensions for programs checked with the mypy type checker."
optional = false
python-versions = ">=3.5"
files = [
    {file = "mypy_extensions-1.0.0-py3-none-any.whl", hash = "sha256:4392f6c0eb8a5668a69e23d168ffa70f0be9ccfd32b5cc2d26a34ae5b844552d"},
    {file = "mypy_extensions-1.0.0.tar.gz", hash = "sha256:75dbf8955dc00442a438fc4d0666508a9a97b6bd41aa2f0ffe9d2f2725af0782"},
]

[[package]]
name = "orjson"
version = "3.10.3"
description = "Fast, correct Python JSON library supporting dataclasses, datetimes, and numpy"
optional = false
python-versions = ">=3.8"
files = [
    {file = "orjson-3.10.3-cp310-cp310-macosx_10_15_x86_64.macosx_11_0_arm64.macosx_10_15_universal2.whl", hash = "sha256:9fb6c3f9f5490a3eb4ddd46fc1b6eadb0d6fc16fb3f07320149c3286a1409dd8"},
    {file = "orjson-3.10.3-cp310-cp310-manylinux_2_17_aarch64.manylinux2014_aarch64.whl", hash = "sha256:252124b198662eee80428f1af8c63f7ff077c88723fe206a25df8dc57a57b1fa"},
    {file = "orjson-3.10.3-cp310-cp310-manylinux_2_17_ppc64le.manylinux2014_ppc64le.whl", hash = "sha256:9f3e87733823089a338ef9bbf363ef4de45e5c599a9bf50a7a9b82e86d0228da"},
    {file = "orjson-3.10.3-cp310-cp310-manylinux_2_17_s390x.manylinux2014_s390x.whl", hash = "sha256:c8334c0d87103bb9fbbe59b78129f1f40d1d1e8355bbed2ca71853af15fa4ed3"},
    {file = "orjson-3.10.3-cp310-cp310-manylinux_2_17_x86_64.manylinux2014_x86_64.whl", hash = "sha256:1952c03439e4dce23482ac846e7961f9d4ec62086eb98ae76d97bd41d72644d7"},
    {file = "orjson-3.10.3-cp310-cp310-musllinux_1_2_aarch64.whl", hash = "sha256:c0403ed9c706dcd2809f1600ed18f4aae50be263bd7112e54b50e2c2bc3ebd6d"},
    {file = "orjson-3.10.3-cp310-cp310-musllinux_1_2_x86_64.whl", hash = "sha256:382e52aa4270a037d41f325e7d1dfa395b7de0c367800b6f337d8157367bf3a7"},
    {file = "orjson-3.10.3-cp310-none-win32.whl", hash = "sha256:be2aab54313752c04f2cbaab4515291ef5af8c2256ce22abc007f89f42f49109"},
    {file = "orjson-3.10.3-cp310-none-win_amd64.whl", hash = "sha256:416b195f78ae461601893f482287cee1e3059ec49b4f99479aedf22a20b1098b"},
    {file = "orjson-3.10.3-cp311-cp311-macosx_10_15_x86_64.macosx_11_0_arm64.macosx_10_15_universal2.whl", hash = "sha256:73100d9abbbe730331f2242c1fc0bcb46a3ea3b4ae3348847e5a141265479700"},
    {file = "orjson-3.10.3-cp311-cp311-manylinux_2_17_aarch64.manylinux2014_aarch64.whl", hash = "sha256:544a12eee96e3ab828dbfcb4d5a0023aa971b27143a1d35dc214c176fdfb29b3"},
    {file = "orjson-3.10.3-cp311-cp311-manylinux_2_17_ppc64le.manylinux2014_ppc64le.whl", hash = "sha256:520de5e2ef0b4ae546bea25129d6c7c74edb43fc6cf5213f511a927f2b28148b"},
    {file = "orjson-3.10.3-cp311-cp311-manylinux_2_17_s390x.manylinux2014_s390x.whl", hash = "sha256:ccaa0a401fc02e8828a5bedfd80f8cd389d24f65e5ca3954d72c6582495b4bcf"},
    {file = "orjson-3.10.3-cp311-cp311-manylinux_2_17_x86_64.manylinux2014_x86_64.whl", hash = "sha256:9a7bc9e8bc11bac40f905640acd41cbeaa87209e7e1f57ade386da658092dc16"},
    {file = "orjson-3.10.3-cp311-cp311-musllinux_1_2_aarch64.whl", hash = "sha256:3582b34b70543a1ed6944aca75e219e1192661a63da4d039d088a09c67543b08"},
    {file = "orjson-3.10.3-cp311-cp311-musllinux_1_2_x86_64.whl", hash = "sha256:1c23dfa91481de880890d17aa7b91d586a4746a4c2aa9a145bebdbaf233768d5"},
    {file = "orjson-3.10.3-cp311-none-win32.whl", hash = "sha256:1770e2a0eae728b050705206d84eda8b074b65ee835e7f85c919f5705b006c9b"},
    {file = "orjson-3.10.3-cp311-none-win_amd64.whl", hash = "sha256:93433b3c1f852660eb5abdc1f4dd0ced2be031ba30900433223b28ee0140cde5"},
    {file = "orjson-3.10.3-cp312-cp312-macosx_10_15_x86_64.macosx_11_0_arm64.macosx_10_15_universal2.whl", hash = "sha256:a39aa73e53bec8d410875683bfa3a8edf61e5a1c7bb4014f65f81d36467ea098"},
    {file = "orjson-3.10.3-cp312-cp312-manylinux_2_17_aarch64.manylinux2014_aarch64.whl", hash = "sha256:0943a96b3fa09bee1afdfccc2cb236c9c64715afa375b2af296c73d91c23eab2"},
    {file = "orjson-3.10.3-cp312-cp312-manylinux_2_17_ppc64le.manylinux2014_ppc64le.whl", hash = "sha256:e852baafceff8da3c9defae29414cc8513a1586ad93e45f27b89a639c68e8176"},
    {file = "orjson-3.10.3-cp312-cp312-manylinux_2_17_s390x.manylinux2014_s390x.whl", hash = "sha256:18566beb5acd76f3769c1d1a7ec06cdb81edc4d55d2765fb677e3eaa10fa99e0"},
    {file = "orjson-3.10.3-cp312-cp312-manylinux_2_17_x86_64.manylinux2014_x86_64.whl", hash = "sha256:1bd2218d5a3aa43060efe649ec564ebedec8ce6ae0a43654b81376216d5ebd42"},
    {file = "orjson-3.10.3-cp312-cp312-musllinux_1_2_aarch64.whl", hash = "sha256:cf20465e74c6e17a104ecf01bf8cd3b7b252565b4ccee4548f18b012ff2f8069"},
    {file = "orjson-3.10.3-cp312-cp312-musllinux_1_2_x86_64.whl", hash = "sha256:ba7f67aa7f983c4345eeda16054a4677289011a478ca947cd69c0a86ea45e534"},
    {file = "orjson-3.10.3-cp312-none-win32.whl", hash = "sha256:17e0713fc159abc261eea0f4feda611d32eabc35708b74bef6ad44f6c78d5ea0"},
    {file = "orjson-3.10.3-cp312-none-win_amd64.whl", hash = "sha256:4c895383b1ec42b017dd2c75ae8a5b862fc489006afde06f14afbdd0309b2af0"},
    {file = "orjson-3.10.3-cp38-cp38-macosx_10_15_x86_64.macosx_11_0_arm64.macosx_10_15_universal2.whl", hash = "sha256:be2719e5041e9fb76c8c2c06b9600fe8e8584e6980061ff88dcbc2691a16d20d"},
    {file = "orjson-3.10.3-cp38-cp38-manylinux_2_17_aarch64.manylinux2014_aarch64.whl", hash = "sha256:cb0175a5798bdc878956099f5c54b9837cb62cfbf5d0b86ba6d77e43861bcec2"},
    {file = "orjson-3.10.3-cp38-cp38-manylinux_2_17_ppc64le.manylinux2014_ppc64le.whl", hash = "sha256:978be58a68ade24f1af7758626806e13cff7748a677faf95fbb298359aa1e20d"},
    {file = "orjson-3.10.3-cp38-cp38-manylinux_2_17_s390x.manylinux2014_s390x.whl", hash = "sha256:16bda83b5c61586f6f788333d3cf3ed19015e3b9019188c56983b5a299210eb5"},
    {file = "orjson-3.10.3-cp38-cp38-manylinux_2_17_x86_64.manylinux2014_x86_64.whl", hash = "sha256:4ad1f26bea425041e0a1adad34630c4825a9e3adec49079b1fb6ac8d36f8b754"},
    {file = "orjson-3.10.3-cp38-cp38-musllinux_1_2_aarch64.whl", hash = "sha256:9e253498bee561fe85d6325ba55ff2ff08fb5e7184cd6a4d7754133bd19c9195"},
    {file = "orjson-3.10.3-cp38-cp38-musllinux_1_2_x86_64.whl", hash = "sha256:0a62f9968bab8a676a164263e485f30a0b748255ee2f4ae49a0224be95f4532b"},
    {file = "orjson-3.10.3-cp38-none-win32.whl", hash = "sha256:8d0b84403d287d4bfa9bf7d1dc298d5c1c5d9f444f3737929a66f2fe4fb8f134"},
    {file = "orjson-3.10.3-cp38-none-win_amd64.whl", hash = "sha256:8bc7a4df90da5d535e18157220d7915780d07198b54f4de0110eca6b6c11e290"},
    {file = "orjson-3.10.3-cp39-cp39-macosx_10_15_x86_64.macosx_11_0_arm64.macosx_10_15_universal2.whl", hash = "sha256:9059d15c30e675a58fdcd6f95465c1522b8426e092de9fff20edebfdc15e1cb0"},
    {file = "orjson-3.10.3-cp39-cp39-manylinux_2_17_aarch64.manylinux2014_aarch64.whl", hash = "sha256:8d40c7f7938c9c2b934b297412c067936d0b54e4b8ab916fd1a9eb8f54c02294"},
    {file = "orjson-3.10.3-cp39-cp39-manylinux_2_17_ppc64le.manylinux2014_ppc64le.whl", hash = "sha256:d4a654ec1de8fdaae1d80d55cee65893cb06494e124681ab335218be6a0691e7"},
    {file = "orjson-3.10.3-cp39-cp39-manylinux_2_17_s390x.manylinux2014_s390x.whl", hash = "sha256:831c6ef73f9aa53c5f40ae8f949ff7681b38eaddb6904aab89dca4d85099cb78"},
    {file = "orjson-3.10.3-cp39-cp39-manylinux_2_17_x86_64.manylinux2014_x86_64.whl", hash = "sha256:99b880d7e34542db89f48d14ddecbd26f06838b12427d5a25d71baceb5ba119d"},
    {file = "orjson-3.10.3-cp39-cp39-musllinux_1_2_aarch64.whl", hash = "sha256:2e5e176c994ce4bd434d7aafb9ecc893c15f347d3d2bbd8e7ce0b63071c52e25"},
    {file = "orjson-3.10.3-cp39-cp39-musllinux_1_2_x86_64.whl", hash = "sha256:b69a58a37dab856491bf2d3bbf259775fdce262b727f96aafbda359cb1d114d8"},
    {file = "orjson-3.10.3-cp39-none-win32.whl", hash = "sha256:b8d4d1a6868cde356f1402c8faeb50d62cee765a1f7ffcfd6de732ab0581e063"},
    {file = "orjson-3.10.3-cp39-none-win_amd64.whl", hash = "sha256:5102f50c5fc46d94f2033fe00d392588564378260d64377aec702f21a7a22912"},
    {file = "orjson-3.10.3.tar.gz", hash = "sha256:2b166507acae7ba2f7c315dcf185a9111ad5e992ac81f2d507aac39193c2c818"},
]

[[package]]
name = "packaging"
version = "23.0"
description = "Core utilities for Python packages"
optional = false
python-versions = ">=3.7"
files = [
    {file = "packaging-23.0-py3-none-any.whl", hash = "sha256:714ac14496c3e68c99c29b00845f7a2b85f3bb6f1078fd9f72fd20f0570002b2"},
    {file = "packaging-23.0.tar.gz", hash = "sha256:b6ad297f8907de0fa2fe1ccbd26fdaf387f5f47c7275fedf8cce89f99446cf97"},
]

[[package]]
name = "pathspec"
version = "0.11.1"
description = "Utility library for gitignore style pattern matching of file paths."
optional = false
python-versions = ">=3.7"
files = [
    {file = "pathspec-0.11.1-py3-none-any.whl", hash = "sha256:d8af70af76652554bd134c22b3e8a1cc46ed7d91edcdd721ef1a0c51a84a5293"},
    {file = "pathspec-0.11.1.tar.gz", hash = "sha256:2798de800fa92780e33acca925945e9a19a133b715067cf165b8866c15a31687"},
]

[[package]]
name = "platformdirs"
version = "3.2.0"
description = "A small Python package for determining appropriate platform-specific dirs, e.g. a \"user data dir\"."
optional = false
python-versions = ">=3.7"
files = [
    {file = "platformdirs-3.2.0-py3-none-any.whl", hash = "sha256:ebe11c0d7a805086e99506aa331612429a72ca7cd52a1f0d277dc4adc20cb10e"},
    {file = "platformdirs-3.2.0.tar.gz", hash = "sha256:d5b638ca397f25f979350ff789db335903d7ea010ab28903f57b27e1b16c2b08"},
]

[package.extras]
docs = ["furo (>=2022.12.7)", "proselint (>=0.13)", "sphinx (>=6.1.3)", "sphinx-autodoc-typehints (>=1.22,!=1.23.4)"]
test = ["appdirs (==1.4.4)", "covdefaults (>=2.3)", "pytest (>=7.2.2)", "pytest-cov (>=4)", "pytest-mock (>=3.10)"]

[[package]]
name = "pluggy"
version = "1.5.0"
description = "plugin and hook calling mechanisms for python"
optional = false
python-versions = ">=3.8"
files = [
    {file = "pluggy-1.5.0-py3-none-any.whl", hash = "sha256:44e1ad92c8ca002de6377e165f3e0f1be63266ab4d554740532335b9d75ea669"},
    {file = "pluggy-1.5.0.tar.gz", hash = "sha256:2cffa88e94fdc978c4c574f15f9e59b7f4201d439195c3715ca9e2486f1d0cf1"},
]

[package.extras]
dev = ["pre-commit", "tox"]
testing = ["pytest", "pytest-benchmark"]

[[package]]
name = "pycodestyle"
version = "2.11.0"
description = "Python style guide checker"
optional = false
python-versions = ">=3.8"
files = [
    {file = "pycodestyle-2.11.0-py2.py3-none-any.whl", hash = "sha256:5d1013ba8dc7895b548be5afb05740ca82454fd899971563d2ef625d090326f8"},
    {file = "pycodestyle-2.11.0.tar.gz", hash = "sha256:259bcc17857d8a8b3b4a2327324b79e5f020a13c16074670f9c8c8f872ea76d0"},
]

[[package]]
name = "pyflakes"
version = "3.2.0"
description = "passive checker of Python programs"
optional = false
python-versions = ">=3.8"
files = [
    {file = "pyflakes-3.2.0-py2.py3-none-any.whl", hash = "sha256:84b5be138a2dfbb40689ca07e2152deb896a65c3a3e24c251c5c62489568074a"},
    {file = "pyflakes-3.2.0.tar.gz", hash = "sha256:1c61603ff154621fb2a9172037d84dca3500def8c8b630657d1701f026f8af3f"},
]

[[package]]
name = "pytest"
version = "8.2.1"
description = "pytest: simple powerful testing with Python"
optional = false
python-versions = ">=3.8"
files = [
    {file = "pytest-8.2.1-py3-none-any.whl", hash = "sha256:faccc5d332b8c3719f40283d0d44aa5cf101cec36f88cde9ed8f2bc0538612b1"},
    {file = "pytest-8.2.1.tar.gz", hash = "sha256:5046e5b46d8e4cac199c373041f26be56fdb81eb4e67dc11d4e10811fc3408fd"},
]

[package.dependencies]
colorama = {version = "*", markers = "sys_platform == \"win32\""}
exceptiongroup = {version = ">=1.0.0rc8", markers = "python_version < \"3.11\""}
iniconfig = "*"
packaging = "*"
pluggy = ">=1.5,<2.0"
tomli = {version = ">=1", markers = "python_version < \"3.11\""}

[package.extras]
dev = ["argcomplete", "attrs (>=19.2)", "hypothesis (>=3.56)", "mock", "pygments (>=2.7.2)", "requests", "setuptools", "xmlschema"]

[[package]]
name = "sniffio"
version = "1.3.0"
description = "Sniff out which async library your code is running under"
optional = false
python-versions = ">=3.7"
files = [
    {file = "sniffio-1.3.0-py3-none-any.whl", hash = "sha256:eecefdce1e5bbfb7ad2eeaabf7c1eeb404d7757c379bd1f7e5cce9d8bf425384"},
    {file = "sniffio-1.3.0.tar.gz", hash = "sha256:e60305c5e5d314f5389259b7f22aaa33d8f7dee49763119234af3755c55b9101"},
]

[[package]]
name = "tomli"
version = "2.0.1"
description = "A lil' TOML parser"
optional = false
python-versions = ">=3.7"
files = [
    {file = "tomli-2.0.1-py3-none-any.whl", hash = "sha256:939de3e7a6161af0c887ef91b7d41a53e7c5a1ca976325f429cb46ea9bc30ecc"},
    {file = "tomli-2.0.1.tar.gz", hash = "sha256:de526c12914f0c550d15924c62d72abc48d6fe7364aa87328337a31007fe8a4f"},
]

[[package]]
name = "typing-extensions"
version = "4.5.0"
description = "Backported and Experimental Type Hints for Python 3.7+"
optional = false
python-versions = ">=3.7"
files = [
    {file = "typing_extensions-4.5.0-py3-none-any.whl", hash = "sha256:fb33085c39dd998ac16d1431ebc293a8b3eedd00fd4a32de0ff79002c19511b4"},
    {file = "typing_extensions-4.5.0.tar.gz", hash = "sha256:5cb5f4a79139d699607b3ef622a1dedafa84e115ab0024e0d9c044a9479ca7cb"},
]

[metadata]
lock-version = "2.0"
python-versions = "^3.8.1"
content-hash = "85637254acde0d4f02593d18bcc2790e9b2382844ca73680eabaefd7360be22c"
